// !$*UTF8*$!
{
	archiveVersion = 1;
	classes = {
	};
	objectVersion = 50;
	objects = {

/* Begin PBXBuildFile section */
		69BD0BA124FC42440007223F /* AppDelegate.swift in Sources */ = {isa = PBXBuildFile; fileRef = 69BD0BA024FC42440007223F /* AppDelegate.swift */; };
		69BD0BA324FC42440007223F /* SceneDelegate.swift in Sources */ = {isa = PBXBuildFile; fileRef = 69BD0BA224FC42440007223F /* SceneDelegate.swift */; };
		69BD0BA524FC42440007223F /* ViewController.swift in Sources */ = {isa = PBXBuildFile; fileRef = 69BD0BA424FC42440007223F /* ViewController.swift */; };
		69BD0BA824FC42440007223F /* Main.storyboard in Resources */ = {isa = PBXBuildFile; fileRef = 69BD0BA624FC42440007223F /* Main.storyboard */; };
		69BD0BAA24FC42470007223F /* Assets.xcassets in Resources */ = {isa = PBXBuildFile; fileRef = 69BD0BA924FC42470007223F /* Assets.xcassets */; };
		69BD0BAD24FC42470007223F /* LaunchScreen.storyboard in Resources */ = {isa = PBXBuildFile; fileRef = 69BD0BAB24FC42470007223F /* LaunchScreen.storyboard */; };
		69BD0BB824FC42480007223F /* ARMeasuringTests.swift in Sources */ = {isa = PBXBuildFile; fileRef = 69BD0BB724FC42480007223F /* ARMeasuringTests.swift */; };
		69BD0BC324FC42480007223F /* ARMeasuringUITests.swift in Sources */ = {isa = PBXBuildFile; fileRef = 69BD0BC224FC42480007223F /* ARMeasuringUITests.swift */; };
/* End PBXBuildFile section */

/* Begin PBXContainerItemProxy section */
		69BD0BB424FC42480007223F /* PBXContainerItemProxy */ = {
			isa = PBXContainerItemProxy;
			containerPortal = 69BD0B9524FC42440007223F /* Project object */;
			proxyType = 1;
			remoteGlobalIDString = 69BD0B9C24FC42440007223F;
			remoteInfo = ARMeasuring;
		};
		69BD0BBF24FC42480007223F /* PBXContainerItemProxy */ = {
			isa = PBXContainerItemProxy;
			containerPortal = 69BD0B9524FC42440007223F /* Project object */;
			proxyType = 1;
			remoteGlobalIDString = 69BD0B9C24FC42440007223F;
			remoteInfo = ARMeasuring;
		};
/* End PBXContainerItemProxy section */

/* Begin PBXFileReference section */
		69BD0B9D24FC42440007223F /* ARMeasuring.app */ = {isa = PBXFileReference; explicitFileType = wrapper.application; includeInIndex = 0; path = ARMeasuring.app; sourceTree = BUILT_PRODUCTS_DIR; };
		69BD0BA024FC42440007223F /* AppDelegate.swift */ = {isa = PBXFileReference; lastKnownFileType = sourcecode.swift; path = AppDelegate.swift; sourceTree = "<group>"; };
		69BD0BA224FC42440007223F /* SceneDelegate.swift */ = {isa = PBXFileReference; lastKnownFileType = sourcecode.swift; path = SceneDelegate.swift; sourceTree = "<group>"; };
		69BD0BA424FC42440007223F /* ViewController.swift */ = {isa = PBXFileReference; lastKnownFileType = sourcecode.swift; path = ViewController.swift; sourceTree = "<group>"; };
		69BD0BA724FC42440007223F /* Base */ = {isa = PBXFileReference; lastKnownFileType = file.storyboard; name = Base; path = Base.lproj/Main.storyboard; sourceTree = "<group>"; };
		69BD0BA924FC42470007223F /* Assets.xcassets */ = {isa = PBXFileReference; lastKnownFileType = folder.assetcatalog; path = Assets.xcassets; sourceTree = "<group>"; };
		69BD0BAC24FC42470007223F /* Base */ = {isa = PBXFileReference; lastKnownFileType = file.storyboard; name = Base; path = Base.lproj/LaunchScreen.storyboard; sourceTree = "<group>"; };
		69BD0BAE24FC42470007223F /* Info.plist */ = {isa = PBXFileReference; lastKnownFileType = text.plist.xml; path = Info.plist; sourceTree = "<group>"; };
		69BD0BB324FC42480007223F /* ARMeasuringTests.xctest */ = {isa = PBXFileReference; explicitFileType = wrapper.cfbundle; includeInIndex = 0; path = ARMeasuringTests.xctest; sourceTree = BUILT_PRODUCTS_DIR; };
		69BD0BB724FC42480007223F /* ARMeasuringTests.swift */ = {isa = PBXFileReference; lastKnownFileType = sourcecode.swift; path = ARMeasuringTests.swift; sourceTree = "<group>"; };
		69BD0BB924FC42480007223F /* Info.plist */ = {isa = PBXFileReference; lastKnownFileType = text.plist.xml; path = Info.plist; sourceTree = "<group>"; };
		69BD0BBE24FC42480007223F /* ARMeasuringUITests.xctest */ = {isa = PBXFileReference; explicitFileType = wrapper.cfbundle; includeInIndex = 0; path = ARMeasuringUITests.xctest; sourceTree = BUILT_PRODUCTS_DIR; };
		69BD0BC224FC42480007223F /* ARMeasuringUITests.swift */ = {isa = PBXFileReference; lastKnownFileType = sourcecode.swift; path = ARMeasuringUITests.swift; sourceTree = "<group>"; };
		69BD0BC424FC42480007223F /* Info.plist */ = {isa = PBXFileReference; lastKnownFileType = text.plist.xml; path = Info.plist; sourceTree = "<group>"; };
/* End PBXFileReference section */

/* Begin PBXFrameworksBuildPhase section */
		69BD0B9A24FC42440007223F /* Frameworks */ = {
			isa = PBXFrameworksBuildPhase;
			buildActionMask = 2147483647;
			files = (
			);
			runOnlyForDeploymentPostprocessing = 0;
		};
		69BD0BB024FC42480007223F /* Frameworks */ = {
			isa = PBXFrameworksBuildPhase;
			buildActionMask = 2147483647;
			files = (
			);
			runOnlyForDeploymentPostprocessing = 0;
		};
		69BD0BBB24FC42480007223F /* Frameworks */ = {
			isa = PBXFrameworksBuildPhase;
			buildActionMask = 2147483647;
			files = (
			);
			runOnlyForDeploymentPostprocessing = 0;
		};
/* End PBXFrameworksBuildPhase section */

/* Begin PBXGroup section */
		69BD0B9424FC42440007223F = {
			isa = PBXGroup;
			children = (
				69BD0B9F24FC42440007223F /* ARMeasuring */,
				69BD0BB624FC42480007223F /* ARMeasuringTests */,
				69BD0BC124FC42480007223F /* ARMeasuringUITests */,
				69BD0B9E24FC42440007223F /* Products */,
			);
			sourceTree = "<group>";
		};
		69BD0B9E24FC42440007223F /* Products */ = {
			isa = PBXGroup;
			children = (
				69BD0B9D24FC42440007223F /* ARMeasuring.app */,
				69BD0BB324FC42480007223F /* ARMeasuringTests.xctest */,
				69BD0BBE24FC42480007223F /* ARMeasuringUITests.xctest */,
			);
			name = Products;
			sourceTree = "<group>";
		};
		69BD0B9F24FC42440007223F /* ARMeasuring */ = {
			isa = PBXGroup;
			children = (
				69BD0BA024FC42440007223F /* AppDelegate.swift */,
				69BD0BA224FC42440007223F /* SceneDelegate.swift */,
				69BD0BA424FC42440007223F /* ViewController.swift */,
				69BD0BA624FC42440007223F /* Main.storyboard */,
				69BD0BA924FC42470007223F /* Assets.xcassets */,
				69BD0BAB24FC42470007223F /* LaunchScreen.storyboard */,
				69BD0BAE24FC42470007223F /* Info.plist */,
			);
			path = ARMeasuring;
			sourceTree = "<group>";
		};
		69BD0BB624FC42480007223F /* ARMeasuringTests */ = {
			isa = PBXGroup;
			children = (
				69BD0BB724FC42480007223F /* ARMeasuringTests.swift */,
				69BD0BB924FC42480007223F /* Info.plist */,
			);
			path = ARMeasuringTests;
			sourceTree = "<group>";
		};
		69BD0BC124FC42480007223F /* ARMeasuringUITests */ = {
			isa = PBXGroup;
			children = (
				69BD0BC224FC42480007223F /* ARMeasuringUITests.swift */,
				69BD0BC424FC42480007223F /* Info.plist */,
			);
			path = ARMeasuringUITests;
			sourceTree = "<group>";
		};
/* End PBXGroup section */

/* Begin PBXNativeTarget section */
		69BD0B9C24FC42440007223F /* ARMeasuring */ = {
			isa = PBXNativeTarget;
			buildConfigurationList = 69BD0BC724FC42480007223F /* Build configuration list for PBXNativeTarget "ARMeasuring" */;
			buildPhases = (
				69BD0B9924FC42440007223F /* Sources */,
				69BD0B9A24FC42440007223F /* Frameworks */,
				69BD0B9B24FC42440007223F /* Resources */,
			);
			buildRules = (
			);
			dependencies = (
			);
			name = ARMeasuring;
			productName = ARMeasuring;
			productReference = 69BD0B9D24FC42440007223F /* ARMeasuring.app */;
			productType = "com.apple.product-type.application";
		};
		69BD0BB224FC42480007223F /* ARMeasuringTests */ = {
			isa = PBXNativeTarget;
			buildConfigurationList = 69BD0BCA24FC42480007223F /* Build configuration list for PBXNativeTarget "ARMeasuringTests" */;
			buildPhases = (
				69BD0BAF24FC42480007223F /* Sources */,
				69BD0BB024FC42480007223F /* Frameworks */,
				69BD0BB124FC42480007223F /* Resources */,
			);
			buildRules = (
			);
			dependencies = (
				69BD0BB524FC42480007223F /* PBXTargetDependency */,
			);
			name = ARMeasuringTests;
			productName = ARMeasuringTests;
			productReference = 69BD0BB324FC42480007223F /* ARMeasuringTests.xctest */;
			productType = "com.apple.product-type.bundle.unit-test";
		};
		69BD0BBD24FC42480007223F /* ARMeasuringUITests */ = {
			isa = PBXNativeTarget;
			buildConfigurationList = 69BD0BCD24FC42480007223F /* Build configuration list for PBXNativeTarget "ARMeasuringUITests" */;
			buildPhases = (
				69BD0BBA24FC42480007223F /* Sources */,
				69BD0BBB24FC42480007223F /* Frameworks */,
				69BD0BBC24FC42480007223F /* Resources */,
			);
			buildRules = (
			);
			dependencies = (
				69BD0BC024FC42480007223F /* PBXTargetDependency */,
			);
			name = ARMeasuringUITests;
			productName = ARMeasuringUITests;
			productReference = 69BD0BBE24FC42480007223F /* ARMeasuringUITests.xctest */;
			productType = "com.apple.product-type.bundle.ui-testing";
		};
/* End PBXNativeTarget section */

/* Begin PBXProject section */
		69BD0B9524FC42440007223F /* Project object */ = {
			isa = PBXProject;
			attributes = {
				LastSwiftUpdateCheck = 1160;
				LastUpgradeCheck = 1160;
				ORGANIZATIONNAME = "Benjamin Salter";
				TargetAttributes = {
					69BD0B9C24FC42440007223F = {
						CreatedOnToolsVersion = 11.6;
					};
					69BD0BB224FC42480007223F = {
						CreatedOnToolsVersion = 11.6;
						TestTargetID = 69BD0B9C24FC42440007223F;
					};
					69BD0BBD24FC42480007223F = {
						CreatedOnToolsVersion = 11.6;
						TestTargetID = 69BD0B9C24FC42440007223F;
					};
				};
			};
			buildConfigurationList = 69BD0B9824FC42440007223F /* Build configuration list for PBXProject "ARMeasuring" */;
			compatibilityVersion = "Xcode 9.3";
			developmentRegion = en;
			hasScannedForEncodings = 0;
			knownRegions = (
				en,
				Base,
			);
			mainGroup = 69BD0B9424FC42440007223F;
			productRefGroup = 69BD0B9E24FC42440007223F /* Products */;
			projectDirPath = "";
			projectRoot = "";
			targets = (
				69BD0B9C24FC42440007223F /* ARMeasuring */,
				69BD0BB224FC42480007223F /* ARMeasuringTests */,
				69BD0BBD24FC42480007223F /* ARMeasuringUITests */,
			);
		};
/* End PBXProject section */

/* Begin PBXResourcesBuildPhase section */
		69BD0B9B24FC42440007223F /* Resources */ = {
			isa = PBXResourcesBuildPhase;
			buildActionMask = 2147483647;
			files = (
				69BD0BAD24FC42470007223F /* LaunchScreen.storyboard in Resources */,
				69BD0BAA24FC42470007223F /* Assets.xcassets in Resources */,
				69BD0BA824FC42440007223F /* Main.storyboard in Resources */,
			);
			runOnlyForDeploymentPostprocessing = 0;
		};
		69BD0BB124FC42480007223F /* Resources */ = {
			isa = PBXResourcesBuildPhase;
			buildActionMask = 2147483647;
			files = (
			);
			runOnlyForDeploymentPostprocessing = 0;
		};
		69BD0BBC24FC42480007223F /* Resources */ = {
			isa = PBXResourcesBuildPhase;
			buildActionMask = 2147483647;
			files = (
			);
			runOnlyForDeploymentPostprocessing = 0;
		};
/* End PBXResourcesBuildPhase section */

/* Begin PBXSourcesBuildPhase section */
		69BD0B9924FC42440007223F /* Sources */ = {
			isa = PBXSourcesBuildPhase;
			buildActionMask = 2147483647;
			files = (
				69BD0BA524FC42440007223F /* ViewController.swift in Sources */,
				69BD0BA124FC42440007223F /* AppDelegate.swift in Sources */,
				69BD0BA324FC42440007223F /* SceneDelegate.swift in Sources */,
			);
			runOnlyForDeploymentPostprocessing = 0;
		};
		69BD0BAF24FC42480007223F /* Sources */ = {
			isa = PBXSourcesBuildPhase;
			buildActionMask = 2147483647;
			files = (
				69BD0BB824FC42480007223F /* ARMeasuringTests.swift in Sources */,
			);
			runOnlyForDeploymentPostprocessing = 0;
		};
		69BD0BBA24FC42480007223F /* Sources */ = {
			isa = PBXSourcesBuildPhase;
			buildActionMask = 2147483647;
			files = (
				69BD0BC324FC42480007223F /* ARMeasuringUITests.swift in Sources */,
			);
			runOnlyForDeploymentPostprocessing = 0;
		};
/* End PBXSourcesBuildPhase section */

/* Begin PBXTargetDependency section */
		69BD0BB524FC42480007223F /* PBXTargetDependency */ = {
			isa = PBXTargetDependency;
			target = 69BD0B9C24FC42440007223F /* ARMeasuring */;
			targetProxy = 69BD0BB424FC42480007223F /* PBXContainerItemProxy */;
		};
		69BD0BC024FC42480007223F /* PBXTargetDependency */ = {
			isa = PBXTargetDependency;
			target = 69BD0B9C24FC42440007223F /* ARMeasuring */;
			targetProxy = 69BD0BBF24FC42480007223F /* PBXContainerItemProxy */;
		};
/* End PBXTargetDependency section */

/* Begin PBXVariantGroup section */
		69BD0BA624FC42440007223F /* Main.storyboard */ = {
			isa = PBXVariantGroup;
			children = (
				69BD0BA724FC42440007223F /* Base */,
			);
			name = Main.storyboard;
			sourceTree = "<group>";
		};
		69BD0BAB24FC42470007223F /* LaunchScreen.storyboard */ = {
			isa = PBXVariantGroup;
			children = (
				69BD0BAC24FC42470007223F /* Base */,
			);
			name = LaunchScreen.storyboard;
			sourceTree = "<group>";
		};
/* End PBXVariantGroup section */

/* Begin XCBuildConfiguration section */
		69BD0BC524FC42480007223F /* Debug */ = {
			isa = XCBuildConfiguration;
			buildSettings = {
				ALWAYS_SEARCH_USER_PATHS = NO;
				CLANG_ANALYZER_NONNULL = YES;
				CLANG_ANALYZER_NUMBER_OBJECT_CONVERSION = YES_AGGRESSIVE;
				CLANG_CXX_LANGUAGE_STANDARD = "gnu++14";
				CLANG_CXX_LIBRARY = "libc++";
				CLANG_ENABLE_MODULES = YES;
				CLANG_ENABLE_OBJC_ARC = YES;
				CLANG_ENABLE_OBJC_WEAK = YES;
				CLANG_WARN_BLOCK_CAPTURE_AUTORELEASING = YES;
				CLANG_WARN_BOOL_CONVERSION = YES;
				CLANG_WARN_COMMA = YES;
				CLANG_WARN_CONSTANT_CONVERSION = YES;
				CLANG_WARN_DEPRECATED_OBJC_IMPLEMENTATIONS = YES;
				CLANG_WARN_DIRECT_OBJC_ISA_USAGE = YES_ERROR;
				CLANG_WARN_DOCUMENTATION_COMMENTS = YES;
				CLANG_WARN_EMPTY_BODY = YES;
				CLANG_WARN_ENUM_CONVERSION = YES;
				CLANG_WARN_INFINITE_RECURSION = YES;
				CLANG_WARN_INT_CONVERSION = YES;
				CLANG_WARN_NON_LITERAL_NULL_CONVERSION = YES;
				CLANG_WARN_OBJC_IMPLICIT_RETAIN_SELF = YES;
				CLANG_WARN_OBJC_LITERAL_CONVERSION = YES;
				CLANG_WARN_OBJC_ROOT_CLASS = YES_ERROR;
				CLANG_WARN_RANGE_LOOP_ANALYSIS = YES;
				CLANG_WARN_STRICT_PROTOTYPES = YES;
				CLANG_WARN_SUSPICIOUS_MOVE = YES;
				CLANG_WARN_UNGUARDED_AVAILABILITY = YES_AGGRESSIVE;
				CLANG_WARN_UNREACHABLE_CODE = YES;
				CLANG_WARN__DUPLICATE_METHOD_MATCH = YES;
				COPY_PHASE_STRIP = NO;
				DEBUG_INFORMATION_FORMAT = dwarf;
				ENABLE_STRICT_OBJC_MSGSEND = YES;
				ENABLE_TESTABILITY = YES;
				GCC_C_LANGUAGE_STANDARD = gnu11;
				GCC_DYNAMIC_NO_PIC = NO;
				GCC_NO_COMMON_BLOCKS = YES;
				GCC_OPTIMIZATION_LEVEL = 0;
				GCC_PREPROCESSOR_DEFINITIONS = (
					"DEBUG=1",
					"$(inherited)",
				);
				GCC_WARN_64_TO_32_BIT_CONVERSION = YES;
				GCC_WARN_ABOUT_RETURN_TYPE = YES_ERROR;
				GCC_WARN_UNDECLARED_SELECTOR = YES;
				GCC_WARN_UNINITIALIZED_AUTOS = YES_AGGRESSIVE;
				GCC_WARN_UNUSED_FUNCTION = YES;
				GCC_WARN_UNUSED_VARIABLE = YES;
				IPHONEOS_DEPLOYMENT_TARGET = 13.6;
				MTL_ENABLE_DEBUG_INFO = INCLUDE_SOURCE;
				MTL_FAST_MATH = YES;
				ONLY_ACTIVE_ARCH = YES;
				SDKROOT = iphoneos;
				SWIFT_ACTIVE_COMPILATION_CONDITIONS = DEBUG;
				SWIFT_OPTIMIZATION_LEVEL = "-Onone";
			};
			name = Debug;
		};
		69BD0BC624FC42480007223F /* Release */ = {
			isa = XCBuildConfiguration;
			buildSettings = {
				ALWAYS_SEARCH_USER_PATHS = NO;
				CLANG_ANALYZER_NONNULL = YES;
				CLANG_ANALYZER_NUMBER_OBJECT_CONVERSION = YES_AGGRESSIVE;
				CLANG_CXX_LANGUAGE_STANDARD = "gnu++14";
				CLANG_CXX_LIBRARY = "libc++";
				CLANG_ENABLE_MODULES = YES;
				CLANG_ENABLE_OBJC_ARC = YES;
				CLANG_ENABLE_OBJC_WEAK = YES;
				CLANG_WARN_BLOCK_CAPTURE_AUTORELEASING = YES;
				CLANG_WARN_BOOL_CONVERSION = YES;
				CLANG_WARN_COMMA = YES;
				CLANG_WARN_CONSTANT_CONVERSION = YES;
				CLANG_WARN_DEPRECATED_OBJC_IMPLEMENTATIONS = YES;
				CLANG_WARN_DIRECT_OBJC_ISA_USAGE = YES_ERROR;
				CLANG_WARN_DOCUMENTATION_COMMENTS = YES;
				CLANG_WARN_EMPTY_BODY = YES;
				CLANG_WARN_ENUM_CONVERSION = YES;
				CLANG_WARN_INFINITE_RECURSION = YES;
				CLANG_WARN_INT_CONVERSION = YES;
				CLANG_WARN_NON_LITERAL_NULL_CONVERSION = YES;
				CLANG_WARN_OBJC_IMPLICIT_RETAIN_SELF = YES;
				CLANG_WARN_OBJC_LITERAL_CONVERSION = YES;
				CLANG_WARN_OBJC_ROOT_CLASS = YES_ERROR;
				CLANG_WARN_RANGE_LOOP_ANALYSIS = YES;
				CLANG_WARN_STRICT_PROTOTYPES = YES;
				CLANG_WARN_SUSPICIOUS_MOVE = YES;
				CLANG_WARN_UNGUARDED_AVAILABILITY = YES_AGGRESSIVE;
				CLANG_WARN_UNREACHABLE_CODE = YES;
				CLANG_WARN__DUPLICATE_METHOD_MATCH = YES;
				COPY_PHASE_STRIP = NO;
				DEBUG_INFORMATION_FORMAT = "dwarf-with-dsym";
				ENABLE_NS_ASSERTIONS = NO;
				ENABLE_STRICT_OBJC_MSGSEND = YES;
				GCC_C_LANGUAGE_STANDARD = gnu11;
				GCC_NO_COMMON_BLOCKS = YES;
				GCC_WARN_64_TO_32_BIT_CONVERSION = YES;
				GCC_WARN_ABOUT_RETURN_TYPE = YES_ERROR;
				GCC_WARN_UNDECLARED_SELECTOR = YES;
				GCC_WARN_UNINITIALIZED_AUTOS = YES_AGGRESSIVE;
				GCC_WARN_UNUSED_FUNCTION = YES;
				GCC_WARN_UNUSED_VARIABLE = YES;
				IPHONEOS_DEPLOYMENT_TARGET = 13.6;
				MTL_ENABLE_DEBUG_INFO = NO;
				MTL_FAST_MATH = YES;
				SDKROOT = iphoneos;
				SWIFT_COMPILATION_MODE = wholemodule;
				SWIFT_OPTIMIZATION_LEVEL = "-O";
				VALIDATE_PRODUCT = YES;
			};
			name = Release;
		};
		69BD0BC824FC42480007223F /* Debug */ = {
			isa = XCBuildConfiguration;
			buildSettings = {
				ASSETCATALOG_COMPILER_APPICON_NAME = AppIcon;
				CODE_SIGN_STYLE = Automatic;
				DEVELOPMENT_TEAM = 3524D3ATHF;
				INFOPLIST_FILE = ARMeasuring/Info.plist;
				LD_RUNPATH_SEARCH_PATHS = (
					"$(inherited)",
					"@executable_path/Frameworks",
				);
				PRODUCT_BUNDLE_IDENTIFIER = com.bennsalter.ARMeasuring;
				PRODUCT_NAME = "$(TARGET_NAME)";
				SWIFT_VERSION = 5.0;
				TARGETED_DEVICE_FAMILY = "1,2";
			};
			name = Debug;
		};
		69BD0BC924FC42480007223F /* Release */ = {
			isa = XCBuildConfiguration;
			buildSettings = {
				ASSETCATALOG_COMPILER_APPICON_NAME = AppIcon;
				CODE_SIGN_STYLE = Automatic;
				DEVELOPMENT_TEAM = 3524D3ATHF;
				INFOPLIST_FILE = ARMeasuring/Info.plist;
				LD_RUNPATH_SEARCH_PATHS = (
					"$(inherited)",
					"@executable_path/Frameworks",
				);
				PRODUCT_BUNDLE_IDENTIFIER = com.bennsalter.ARMeasuring;
				PRODUCT_NAME = "$(TARGET_NAME)";
				SWIFT_VERSION = 5.0;
				TARGETED_DEVICE_FAMILY = "1,2";
			};
			name = Release;
		};
		69BD0BCB24FC42480007223F /* Debug */ = {
			isa = XCBuildConfiguration;
			buildSettings = {
				ALWAYS_EMBED_SWIFT_STANDARD_LIBRARIES = YES;
				BUNDLE_LOADER = "$(TEST_HOST)";
				CODE_SIGN_STYLE = Automatic;
				DEVELOPMENT_TEAM = 3524D3ATHF;
				INFOPLIST_FILE = ARMeasuringTests/Info.plist;
				IPHONEOS_DEPLOYMENT_TARGET = 13.6;
				LD_RUNPATH_SEARCH_PATHS = (
					"$(inherited)",
					"@executable_path/Frameworks",
					"@loader_path/Frameworks",
				);
				PRODUCT_BUNDLE_IDENTIFIER = com.bennsalter.ARMeasuringTests;
				PRODUCT_NAME = "$(TARGET_NAME)";
				SWIFT_VERSION = 5.0;
				TARGETED_DEVICE_FAMILY = "1,2";
				TEST_HOST = "$(BUILT_PRODUCTS_DIR)/ARMeasuring.app/ARMeasuring";
			};
			name = Debug;
		};
		69BD0BCC24FC42480007223F /* Release */ = {
			isa = XCBuildConfiguration;
			buildSettings = {
				ALWAYS_EMBED_SWIFT_STANDARD_LIBRARIES = YES;
				BUNDLE_LOADER = "$(TEST_HOST)";
				CODE_SIGN_STYLE = Automatic;
				DEVELOPMENT_TEAM = 3524D3ATHF;
				INFOPLIST_FILE = ARMeasuringTests/Info.plist;
				IPHONEOS_DEPLOYMENT_TARGET = 13.6;
				LD_RUNPATH_SEARCH_PATHS = (
					"$(inherited)",
					"@executable_path/Frameworks",
					"@loader_path/Frameworks",
				);
				PRODUCT_BUNDLE_IDENTIFIER = com.bennsalter.ARMeasuringTests;
				PRODUCT_NAME = "$(TARGET_NAME)";
				SWIFT_VERSION = 5.0;
				TARGETED_DEVICE_FAMILY = "1,2";
				TEST_HOST = "$(BUILT_PRODUCTS_DIR)/ARMeasuring.app/ARMeasuring";
			};
			name = Release;
		};
		69BD0BCE24FC42480007223F /* Debug */ = {
			isa = XCBuildConfiguration;
			buildSettings = {
				ALWAYS_EMBED_SWIFT_STANDARD_LIBRARIES = YES;
				CODE_SIGN_STYLE = Automatic;
				DEVELOPMENT_TEAM = 3524D3ATHF;
				INFOPLIST_FILE = ARMeasuringUITests/Info.plist;
				LD_RUNPATH_SEARCH_PATHS = (
					"$(inherited)",
					"@executable_path/Frameworks",
					"@loader_path/Frameworks",
				);
				PRODUCT_BUNDLE_IDENTIFIER = com.bennsalter.ARMeasuringUITests;
				PRODUCT_NAME = "$(TARGET_NAME)";
				SWIFT_VERSION = 5.0;
				TARGETED_DEVICE_FAMILY = "1,2";
				TEST_TARGET_NAME = ARMeasuring;
			};
			name = Debug;
		};
		69BD0BCF24FC42480007223F /* Release */ = {
			isa = XCBuildConfiguration;
			buildSettings = {
				ALWAYS_EMBED_SWIFT_STANDARD_LIBRARIES = YES;
				CODE_SIGN_STYLE = Automatic;
				DEVELOPMENT_TEAM = 3524D3ATHF;
				INFOPLIST_FILE = ARMeasuringUITests/Info.plist;
				LD_RUNPATH_SEARCH_PATHS = (
					"$(inherited)",
					"@executable_path/Frameworks",
					"@loader_path/Frameworks",
				);
				PRODUCT_BUNDLE_IDENTIFIER = com.bennsalter.ARMeasuringUITests;
				PRODUCT_NAME = "$(TARGET_NAME)";
				SWIFT_VERSION = 5.0;
				TARGETED_DEVICE_FAMILY = "1,2";
				TEST_TARGET_NAME = ARMeasuring;
			};
			name = Release;
		};
/* End XCBuildConfiguration section */

/* Begin XCConfigurationList section */
		69BD0B9824FC42440007223F /* Build configuration list for PBXProject "ARMeasuring" */ = {
			isa = XCConfigurationList;
			buildConfigurations = (
				69BD0BC524FC42480007223F /* Debug */,
				69BD0BC624FC42480007223F /* Release */,
			);
			defaultConfigurationIsVisible = 0;
			defaultConfigurationName = Release;
		};
		69BD0BC724FC42480007223F /* Build configuration list for PBXNativeTarget "ARMeasuring" */ = {
			isa = XCConfigurationList;
			buildConfigurations = (
				69BD0BC824FC42480007223F /* Debug */,
				69BD0BC924FC42480007223F /* Release */,
			);
			defaultConfigurationIsVisible = 0;
			defaultConfigurationName = Release;
		};
		69BD0BCA24FC42480007223F /* Build configuration list for PBXNativeTarget "ARMeasuringTests" */ = {
			isa = XCConfigurationList;
			buildConfigurations = (
				69BD0BCB24FC42480007223F /* Debug */,
				69BD0BCC24FC42480007223F /* Release */,
			);
			defaultConfigurationIsVisible = 0;
			defaultConfigurationName = Release;
		};
		69BD0BCD24FC42480007223F /* Build configuration list for PBXNativeTarget "ARMeasuringUITests" */ = {
			isa = XCConfigurationList;
			buildConfigurations = (
				69BD0BCE24FC42480007223F /* Debug */,
				69BD0BCF24FC42480007223F /* Release */,
			);
			defaultConfigurationIsVisible = 0;
			defaultConfigurationName = Release;
		};
/* End XCConfigurationList section */
	};
	rootObject = 69BD0B9524FC42440007223F /* Project object */;
}
